// !$*UTF8*$!
{
	archiveVersion = 1;
	classes = {
	};
	objectVersion = 46;
	objects = {

/* Begin PBXBuildFile section */
		D4084F4F1E5BF8C300C6638B /* main.m in Sources */ = {isa = PBXBuildFile; fileRef = D4084F4E1E5BF8C300C6638B /* main.m */; };
		D4084F521E5BF8C300C6638B /* AppDelegate.m in Sources */ = {isa = PBXBuildFile; fileRef = D4084F511E5BF8C300C6638B /* AppDelegate.m */; };
		D4084F581E5BF8C300C6638B /* Main.storyboard in Resources */ = {isa = PBXBuildFile; fileRef = D4084F561E5BF8C300C6638B /* Main.storyboard */; };
		D4084F5A1E5BF8C300C6638B /* Assets.xcassets in Resources */ = {isa = PBXBuildFile; fileRef = D4084F591E5BF8C300C6638B /* Assets.xcassets */; };
		D4084F5D1E5BF8C300C6638B /* LaunchScreen.storyboard in Resources */ = {isa = PBXBuildFile; fileRef = D4084F5B1E5BF8C300C6638B /* LaunchScreen.storyboard */; };
		D4084F691E5BF98100C6638B /* TableViewController.m in Sources */ = {isa = PBXBuildFile; fileRef = D4084F681E5BF98100C6638B /* TableViewController.m */; };
/* End PBXBuildFile section */

/* Begin PBXFileReference section */
		D4084F4A1E5BF8C300C6638B /* TableViewTest3.app */ = {isa = PBXFileReference; explicitFileType = wrapper.application; includeInIndex = 0; path = TableViewTest3.app; sourceTree = BUILT_PRODUCTS_DIR; };
		D4084F4E1E5BF8C300C6638B /* main.m */ = {isa = PBXFileReference; lastKnownFileType = sourcecode.c.objc; path = main.m; sourceTree = "<group>"; };
		D4084F501E5BF8C300C6638B /* AppDelegate.h */ = {isa = PBXFileReference; lastKnownFileType = sourcecode.c.h; path = AppDelegate.h; sourceTree = "<group>"; };
		D4084F511E5BF8C300C6638B /* AppDelegate.m */ = {isa = PBXFileReference; lastKnownFileType = sourcecode.c.objc; path = AppDelegate.m; sourceTree = "<group>"; };
		D4084F571E5BF8C300C6638B /* Base */ = {isa = PBXFileReference; lastKnownFileType = file.storyboard; name = Base; path = Base.lproj/Main.storyboard; sourceTree = "<group>"; };
		D4084F591E5BF8C300C6638B /* Assets.xcassets */ = {isa = PBXFileReference; lastKnownFileType = folder.assetcatalog; path = Assets.xcassets; sourceTree = "<group>"; };
		D4084F5C1E5BF8C300C6638B /* Base */ = {isa = PBXFileReference; lastKnownFileType = file.storyboard; name = Base; path = Base.lproj/LaunchScreen.storyboard; sourceTree = "<group>"; };
		D4084F5E1E5BF8C300C6638B /* Info.plist */ = {isa = PBXFileReference; lastKnownFileType = text.plist.xml; path = Info.plist; sourceTree = "<group>"; };
		D4084F671E5BF98100C6638B /* TableViewController.h */ = {isa = PBXFileReference; fileEncoding = 4; lastKnownFileType = sourcecode.c.h; path = TableViewController.h; sourceTree = "<group>"; };
		D4084F681E5BF98100C6638B /* TableViewController.m */ = {isa = PBXFileReference; fileEncoding = 4; lastKnownFileType = sourcecode.c.objc; path = TableViewController.m; sourceTree = "<group>"; };
/* End PBXFileReference section */

/* Begin PBXFrameworksBuildPhase section */
		D4084F471E5BF8C300C6638B /* Frameworks */ = {
			isa = PBXFrameworksBuildPhase;
			buildActionMask = 2147483647;
			files = (
			);
			runOnlyForDeploymentPostprocessing = 0;
		};
/* End PBXFrameworksBuildPhase section */

/* Begin PBXGroup section */
		D4084F411E5BF8C300C6638B = {
			isa = PBXGroup;
			children = (
				D4084F4C1E5BF8C300C6638B /* TableViewTest3 */,
				D4084F4B1E5BF8C300C6638B /* Products */,
			);
			sourceTree = "<group>";
		};
		D4084F4B1E5BF8C300C6638B /* Products */ = {
			isa = PBXGroup;
			children = (
				D4084F4A1E5BF8C300C6638B /* TableViewTest3.app */,
			);
			name = Products;
			sourceTree = "<group>";
		};
		D4084F4C1E5BF8C300C6638B /* TableViewTest3 */ = {
			isa = PBXGroup;
			children = (
				D4084F501E5BF8C300C6638B /* AppDelegate.h */,
				D4084F511E5BF8C300C6638B /* AppDelegate.m */,
				D4084F561E5BF8C300C6638B /* Main.storyboard */,
				D4084F671E5BF98100C6638B /* TableViewController.h */,
				D4084F681E5BF98100C6638B /* TableViewController.m */,
				D4084F591E5BF8C300C6638B /* Assets.xcassets */,
				D4084F5B1E5BF8C300C6638B /* LaunchScreen.storyboard */,
				D4084F5E1E5BF8C300C6638B /* Info.plist */,
				D4084F4D1E5BF8C300C6638B /* Supporting Files */,
			);
			path = TableViewTest3;
			sourceTree = "<group>";
		};
		D4084F4D1E5BF8C300C6638B /* Supporting Files */ = {
			isa = PBXGroup;
			children = (
				D4084F4E1E5BF8C300C6638B /* main.m */,
			);
			name = "Supporting Files";
			sourceTree = "<group>";
		};
/* End PBXGroup section */

/* Begin PBXNativeTarget section */
		D4084F491E5BF8C300C6638B /* TableViewTest3 */ = {
			isa = PBXNativeTarget;
			buildConfigurationList = D4084F611E5BF8C300C6638B /* Build configuration list for PBXNativeTarget "TableViewTest3" */;
			buildPhases = (
				D4084F461E5BF8C300C6638B /* Sources */,
				D4084F471E5BF8C300C6638B /* Frameworks */,
				D4084F481E5BF8C300C6638B /* Resources */,
			);
			buildRules = (
			);
			dependencies = (
			);
			name = TableViewTest3;
			productName = TableViewTest3;
			productReference = D4084F4A1E5BF8C300C6638B /* TableViewTest3.app */;
			productType = "com.apple.product-type.application";
		};
/* End PBXNativeTarget section */

/* Begin PBXProject section */
		D4084F421E5BF8C300C6638B /* Project object */ = {
			isa = PBXProject;
			attributes = {
				LastUpgradeCheck = 0820;
				ORGANIZATIONNAME = Jonnyqian;
				TargetAttributes = {
					D4084F491E5BF8C300C6638B = {
						CreatedOnToolsVersion = 8.2;
						ProvisioningStyle = Automatic;
					};
				};
			};
			buildConfigurationList = D4084F451E5BF8C300C6638B /* Build configuration list for PBXProject "TableViewTest3" */;
			compatibilityVersion = "Xcode 3.2";
			developmentRegion = English;
			hasScannedForEncodings = 0;
			knownRegions = (
				en,
				Base,
			);
			mainGroup = D4084F411E5BF8C300C6638B;
			productRefGroup = D4084F4B1E5BF8C300C6638B /* Products */;
			projectDirPath = "";
			projectRoot = "";
			targets = (
				D4084F491E5BF8C300C6638B /* TableViewTest3 */,
			);
		};
/* End PBXProject section */

/* Begin PBXResourcesBuildPhase section */
		D4084F481E5BF8C300C6638B /* Resources */ = {
			isa = PBXResourcesBuildPhase;
			buildActionMask = 2147483647;
			files = (
				D4084F5D1E5BF8C300C6638B /* LaunchScreen.storyboard in Resources */,
				D4084F5A1E5BF8C300C6638B /* Assets.xcassets in Resources */,
				D4084F581E5BF8C300C6638B /* Main.storyboard in Resources */,
			);
			runOnlyForDeploymentPostprocessing = 0;
		};
/* End PBXResourcesBuildPhase section */

/* Begin PBXSourcesBuildPhase section */
		D4084F461E5BF8C300C6638B /* Sources */ = {
			isa = PBXSourcesBuildPhase;
			buildActionMask = 2147483647;
			files = (
				D4084F521E5BF8C300C6638B /* AppDelegate.m in Sources */,
				D4084F691E5BF98100C6638B /* TableViewController.m in Sources */,
				D4084F4F1E5BF8C300C6638B /* main.m in Sources */,
			);
			runOnlyForDeploymentPostprocessing = 0;
		};
/* End PBXSourcesBuildPhase section */

/* Begin PBXVariantGroup section */
		D4084F561E5BF8C300C6638B /* Main.storyboard */ = {
			isa = PBXVariantGroup;
			children = (
				D4084F571E5BF8C300C6638B /* Base */,
			);
			name = Main.storyboard;
			sourceTree = "<group>";
		};
		D4084F5B1E5BF8C300C6638B /* LaunchScreen.storyboard */ = {
			isa = PBXVariantGroup;
			children = (
				D4084F5C1E5BF8C300C6638B /* Base */,
			);
			name = LaunchScreen.storyboard;
			sourceTree = "<group>";
		};
/* End PBXVariantGroup section */

/* Begin XCBuildConfiguration section */
		D4084F5F1E5BF8C300C6638B /* Debug */ = {
			isa = XCBuildConfiguration;
			buildSettings = {
				ALWAYS_SEARCH_USER_PATHS = NO;
				CLANG_ANALYZER_NONNULL = YES;
				CLANG_CXX_LANGUAGE_STANDARD = "gnu++0x";
				CLANG_CXX_LIBRARY = "libc++";
				CLANG_ENABLE_MODULES = YES;
				CLANG_ENABLE_OBJC_ARC = YES;
				CLANG_WARN_BOOL_CONVERSION = YES;
				CLANG_WARN_CONSTANT_CONVERSION = YES;
				CLANG_WARN_DIRECT_OBJC_ISA_USAGE = YES_ERROR;
				CLANG_WARN_DOCUMENTATION_COMMENTS = YES;
				CLANG_WARN_EMPTY_BODY = YES;
				CLANG_WARN_ENUM_CONVERSION = YES;
				CLANG_WARN_INFINITE_RECURSION = YES;
				CLANG_WARN_INT_CONVERSION = YES;
				CLANG_WARN_OBJC_ROOT_CLASS = YES_ERROR;
				CLANG_WARN_SUSPICIOUS_MOVE = YES;
				CLANG_WARN_UNREACHABLE_CODE = YES;
				CLANG_WARN__DUPLICATE_METHOD_MATCH = YES;
				"CODE_SIGN_IDENTITY[sdk=iphoneos*]" = "iPhone Developer";
				COPY_PHASE_STRIP = NO;
				DEBUG_INFORMATION_FORMAT = dwarf;
				ENABLE_STRICT_OBJC_MSGSEND = YES;
				ENABLE_TESTABILITY = YES;
				GCC_C_LANGUAGE_STANDARD = gnu99;
				GCC_DYNAMIC_NO_PIC = NO;
				GCC_NO_COMMON_BLOCKS = YES;
				GCC_OPTIMIZATION_LEVEL = 0;
				GCC_PREPROCESSOR_DEFINITIONS = (
					"DEBUG=1",
					"$(inherited)",
				);
				GCC_WARN_64_TO_32_BIT_CONVERSION = YES;
				GCC_WARN_ABOUT_RETURN_TYPE = YES_ERROR;
				GCC_WARN_UNDECLARED_SELECTOR = YES;
				GCC_WARN_UNINITIALIZED_AUTOS = YES_AGGRESSIVE;
				GCC_WARN_UNUSED_FUNCTION = YES;
				GCC_WARN_UNUSED_VARIABLE = YES;
				IPHONEOS_DEPLOYMENT_TARGET = 10.2;
				MTL_ENABLE_DEBUG_INFO = YES;
				ONLY_ACTIVE_ARCH = YES;
				SDKROOT = iphoneos;
			};
			name = Debug;
		};
		D4084F601E5BF8C300C6638B /* Release */ = {
			isa = XCBuildConfiguration;
			buildSettings = {
				ALWAYS_SEARCH_USER_PATHS = NO;
				CLANG_ANALYZER_NONNULL = YES;
				CLANG_CXX_LANGUAGE_STANDARD = "gnu++0x";
				CLANG_CXX_LIBRARY = "libc++";
				CLANG_ENABLE_MODULES = YES;
				CLANG_ENABLE_OBJC_ARC = YES;
				CLANG_WARN_BOOL_CONVERSION = YES;
				CLANG_WARN_CONSTANT_CONVERSION = YES;
				CLANG_WARN_DIRECT_OBJC_ISA_USAGE = YES_ERROR;
				CLANG_WARN_DOCUMENTATION_COMMENTS = YES;
				CLANG_WARN_EMPTY_BODY = YES;
				CLANG_WARN_ENUM_CONVERSION = YES;
				CLANG_WARN_INFINITE_RECURSION = YES;
				CLANG_WARN_INT_CONVERSION = YES;
				CLANG_WARN_OBJC_ROOT_CLASS = YES_ERROR;
				CLANG_WARN_SUSPICIOUS_MOVE = YES;
				CLANG_WARN_UNREACHABLE_CODE = YES;
				CLANG_WARN__DUPLICATE_METHOD_MATCH = YES;
				"CODE_SIGN_IDENTITY[sdk=iphoneos*]" = "iPhone Developer";
				COPY_PHASE_STRIP = NO;
				DEBUG_INFORMATION_FORMAT = "dwarf-with-dsym";
				ENABLE_NS_ASSERTIONS = NO;
				ENABLE_STRICT_OBJC_MSGSEND = YES;
				GCC_C_LANGUAGE_STANDARD = gnu99;
				GCC_NO_COMMON_BLOCKS = YES;
				GCC_WARN_64_TO_32_BIT_CONVERSION = YES;
				GCC_WARN_ABOUT_RETURN_TYPE = YES_ERROR;
				GCC_WARN_UNDECLARED_SELECTOR = YES;
				GCC_WARN_UNINITIALIZED_AUTOS = YES_AGGRESSIVE;
				GCC_WARN_UNUSED_FUNCTION = YES;
				GCC_WARN_UNUSED_VARIABLE = YES;
				IPHONEOS_DEPLOYMENT_TARGET = 10.2;
				MTL_ENABLE_DEBUG_INFO = NO;
				SDKROOT = iphoneos;
				VALIDATE_PRODUCT = YES;
			};
			name = Release;
		};
		D4084F621E5BF8C300C6638B /* Debug */ = {
			isa = XCBuildConfiguration;
			buildSettings = {
				ASSETCATALOG_COMPILER_APPICON_NAME = AppIcon;
				INFOPLIST_FILE = TableViewTest3/Info.plist;
				LD_RUNPATH_SEARCH_PATHS = "$(inherited) @executable_path/Frameworks";
				PRODUCT_BUNDLE_IDENTIFIER = JGDesign.TableViewTest3;
				PRODUCT_NAME = "$(TARGET_NAME)";
			};
			name = Debug;
		};
		D4084F631E5BF8C300C6638B /* Release */ = {
			isa = XCBuildConfiguration;
			buildSettings = {
				ASSETCATALOG_COMPILER_APPICON_NAME = AppIcon;
				INFOPLIST_FILE = TableViewTest3/Info.plist;
				LD_RUNPATH_SEARCH_PATHS = "$(inherited) @executable_path/Frameworks";
				PRODUCT_BUNDLE_IDENTIFIER = JGDesign.TableViewTest3;
				PRODUCT_NAME = "$(TARGET_NAME)";
			};
			name = Release;
		};
/* End XCBuildConfiguration section */

/* Begin XCConfigurationList section */
		D4084F451E5BF8C300C6638B /* Build configuration list for PBXProject "TableViewTest3" */ = {
			isa = XCConfigurationList;
			buildConfigurations = (
				D4084F5F1E5BF8C300C6638B /* Debug */,
				D4084F601E5BF8C300C6638B /* Release */,
			);
			defaultConfigurationIsVisible = 0;
			defaultConfigurationName = Release;
		};
		D4084F611E5BF8C300C6638B /* Build configuration list for PBXNativeTarget "TableViewTest3" */ = {
			isa = XCConfigurationList;
			buildConfigurations = (
				D4084F621E5BF8C300C6638B /* Debug */,
				D4084F631E5BF8C300C6638B /* Release */,
			);
			defaultConfigurationIsVisible = 0;
		};
/* End XCConfigurationList section */
	};
	rootObject = D4084F421E5BF8C300C6638B /* Project object */;
}
