// !$*UTF8*$!
{
	archiveVersion = 1;
	classes = {
	};
	objectVersion = 46;
	objects = {

/* Begin PBXBuildFile section */
		D411319D1E1CCA7E00F54BCB /* main.m in Sources */ = {isa = PBXBuildFile; fileRef = D411319C1E1CCA7E00F54BCB /* main.m */; };
		D41131A01E1CCA7E00F54BCB /* AppDelegate.m in Sources */ = {isa = PBXBuildFile; fileRef = D411319F1E1CCA7E00F54BCB /* AppDelegate.m */; };
		D41131A31E1CCA7E00F54BCB /* ViewController.m in Sources */ = {isa = PBXBuildFile; fileRef = D41131A21E1CCA7E00F54BCB /* ViewController.m */; };
		D41131A61E1CCA7E00F54BCB /* Main.storyboard in Resources */ = {isa = PBXBuildFile; fileRef = D41131A41E1CCA7E00F54BCB /* Main.storyboard */; };
		D41131A81E1CCA7E00F54BCB /* Assets.xcassets in Resources */ = {isa = PBXBuildFile; fileRef = D41131A71E1CCA7E00F54BCB /* Assets.xcassets */; };
		D41131AB1E1CCA7E00F54BCB /* LaunchScreen.storyboard in Resources */ = {isa = PBXBuildFile; fileRef = D41131A91E1CCA7E00F54BCB /* LaunchScreen.storyboard */; };
/* End PBXBuildFile section */

/* Begin PBXFileReference section */
		D41131981E1CCA7E00F54BCB /* TabView1.app */ = {isa = PBXFileReference; explicitFileType = wrapper.application; includeInIndex = 0; path = TabView1.app; sourceTree = BUILT_PRODUCTS_DIR; };
		D411319C1E1CCA7E00F54BCB /* main.m */ = {isa = PBXFileReference; lastKnownFileType = sourcecode.c.objc; path = main.m; sourceTree = "<group>"; };
		D411319E1E1CCA7E00F54BCB /* AppDelegate.h */ = {isa = PBXFileReference; lastKnownFileType = sourcecode.c.h; path = AppDelegate.h; sourceTree = "<group>"; };
		D411319F1E1CCA7E00F54BCB /* AppDelegate.m */ = {isa = PBXFileReference; lastKnownFileType = sourcecode.c.objc; path = AppDelegate.m; sourceTree = "<group>"; };
		D41131A11E1CCA7E00F54BCB /* ViewController.h */ = {isa = PBXFileReference; lastKnownFileType = sourcecode.c.h; path = ViewController.h; sourceTree = "<group>"; };
		D41131A21E1CCA7E00F54BCB /* ViewController.m */ = {isa = PBXFileReference; lastKnownFileType = sourcecode.c.objc; path = ViewController.m; sourceTree = "<group>"; };
		D41131A51E1CCA7E00F54BCB /* Base */ = {isa = PBXFileReference; lastKnownFileType = file.storyboard; name = Base; path = Base.lproj/Main.storyboard; sourceTree = "<group>"; };
		D41131A71E1CCA7E00F54BCB /* Assets.xcassets */ = {isa = PBXFileReference; lastKnownFileType = folder.assetcatalog; path = Assets.xcassets; sourceTree = "<group>"; };
		D41131AA1E1CCA7E00F54BCB /* Base */ = {isa = PBXFileReference; lastKnownFileType = file.storyboard; name = Base; path = Base.lproj/LaunchScreen.storyboard; sourceTree = "<group>"; };
		D41131AC1E1CCA7E00F54BCB /* Info.plist */ = {isa = PBXFileReference; lastKnownFileType = text.plist.xml; path = Info.plist; sourceTree = "<group>"; };
/* End PBXFileReference section */

/* Begin PBXFrameworksBuildPhase section */
		D41131951E1CCA7E00F54BCB /* Frameworks */ = {
			isa = PBXFrameworksBuildPhase;
			buildActionMask = 2147483647;
			files = (
			);
			runOnlyForDeploymentPostprocessing = 0;
		};
/* End PBXFrameworksBuildPhase section */

/* Begin PBXGroup section */
		D411318F1E1CCA7E00F54BCB = {
			isa = PBXGroup;
			children = (
				D411319A1E1CCA7E00F54BCB /* TabView1 */,
				D41131991E1CCA7E00F54BCB /* Products */,
			);
			sourceTree = "<group>";
		};
		D41131991E1CCA7E00F54BCB /* Products */ = {
			isa = PBXGroup;
			children = (
				D41131981E1CCA7E00F54BCB /* TabView1.app */,
			);
			name = Products;
			sourceTree = "<group>";
		};
		D411319A1E1CCA7E00F54BCB /* TabView1 */ = {
			isa = PBXGroup;
			children = (
				D411319E1E1CCA7E00F54BCB /* AppDelegate.h */,
				D411319F1E1CCA7E00F54BCB /* AppDelegate.m */,
				D41131A11E1CCA7E00F54BCB /* ViewController.h */,
				D41131A21E1CCA7E00F54BCB /* ViewController.m */,
				D41131A41E1CCA7E00F54BCB /* Main.storyboard */,
				D41131A71E1CCA7E00F54BCB /* Assets.xcassets */,
				D41131A91E1CCA7E00F54BCB /* LaunchScreen.storyboard */,
				D41131AC1E1CCA7E00F54BCB /* Info.plist */,
				D411319B1E1CCA7E00F54BCB /* Supporting Files */,
			);
			path = TabView1;
			sourceTree = "<group>";
		};
		D411319B1E1CCA7E00F54BCB /* Supporting Files */ = {
			isa = PBXGroup;
			children = (
				D411319C1E1CCA7E00F54BCB /* main.m */,
			);
			name = "Supporting Files";
			sourceTree = "<group>";
		};
/* End PBXGroup section */

/* Begin PBXNativeTarget section */
		D41131971E1CCA7E00F54BCB /* TabView1 */ = {
			isa = PBXNativeTarget;
			buildConfigurationList = D41131AF1E1CCA7E00F54BCB /* Build configuration list for PBXNativeTarget "TabView1" */;
			buildPhases = (
				D41131941E1CCA7E00F54BCB /* Sources */,
				D41131951E1CCA7E00F54BCB /* Frameworks */,
				D41131961E1CCA7E00F54BCB /* Resources */,
			);
			buildRules = (
			);
			dependencies = (
			);
			name = TabView1;
			productName = TabView1;
			productReference = D41131981E1CCA7E00F54BCB /* TabView1.app */;
			productType = "com.apple.product-type.application";
		};
/* End PBXNativeTarget section */

/* Begin PBXProject section */
		D41131901E1CCA7E00F54BCB /* Project object */ = {
			isa = PBXProject;
			attributes = {
				LastUpgradeCheck = 0820;
				ORGANIZATIONNAME = Jonnyqian;
				TargetAttributes = {
					D41131971E1CCA7E00F54BCB = {
						CreatedOnToolsVersion = 8.2;
						ProvisioningStyle = Automatic;
					};
				};
			};
			buildConfigurationList = D41131931E1CCA7E00F54BCB /* Build configuration list for PBXProject "TabView1" */;
			compatibilityVersion = "Xcode 3.2";
			developmentRegion = English;
			hasScannedForEncodings = 0;
			knownRegions = (
				en,
				Base,
			);
			mainGroup = D411318F1E1CCA7E00F54BCB;
			productRefGroup = D41131991E1CCA7E00F54BCB /* Products */;
			projectDirPath = "";
			projectRoot = "";
			targets = (
				D41131971E1CCA7E00F54BCB /* TabView1 */,
			);
		};
/* End PBXProject section */

/* Begin PBXResourcesBuildPhase section */
		D41131961E1CCA7E00F54BCB /* Resources */ = {
			isa = PBXResourcesBuildPhase;
			buildActionMask = 2147483647;
			files = (
				D41131AB1E1CCA7E00F54BCB /* LaunchScreen.storyboard in Resources */,
				D41131A81E1CCA7E00F54BCB /* Assets.xcassets in Resources */,
				D41131A61E1CCA7E00F54BCB /* Main.storyboard in Resources */,
			);
			runOnlyForDeploymentPostprocessing = 0;
		};
/* End PBXResourcesBuildPhase section */

/* Begin PBXSourcesBuildPhase section */
		D41131941E1CCA7E00F54BCB /* Sources */ = {
			isa = PBXSourcesBuildPhase;
			buildActionMask = 2147483647;
			files = (
				D41131A31E1CCA7E00F54BCB /* ViewController.m in Sources */,
				D41131A01E1CCA7E00F54BCB /* AppDelegate.m in Sources */,
				D411319D1E1CCA7E00F54BCB /* main.m in Sources */,
			);
			runOnlyForDeploymentPostprocessing = 0;
		};
/* End PBXSourcesBuildPhase section */

/* Begin PBXVariantGroup section */
		D41131A41E1CCA7E00F54BCB /* Main.storyboard */ = {
			isa = PBXVariantGroup;
			children = (
				D41131A51E1CCA7E00F54BCB /* Base */,
			);
			name = Main.storyboard;
			sourceTree = "<group>";
		};
		D41131A91E1CCA7E00F54BCB /* LaunchScreen.storyboard */ = {
			isa = PBXVariantGroup;
			children = (
				D41131AA1E1CCA7E00F54BCB /* Base */,
			);
			name = LaunchScreen.storyboard;
			sourceTree = "<group>";
		};
/* End PBXVariantGroup section */

/* Begin XCBuildConfiguration section */
		D41131AD1E1CCA7E00F54BCB /* Debug */ = {
			isa = XCBuildConfiguration;
			buildSettings = {
				ALWAYS_SEARCH_USER_PATHS = NO;
				CLANG_ANALYZER_NONNULL = YES;
				CLANG_CXX_LANGUAGE_STANDARD = "gnu++0x";
				CLANG_CXX_LIBRARY = "libc++";
				CLANG_ENABLE_MODULES = YES;
				CLANG_ENABLE_OBJC_ARC = YES;
				CLANG_WARN_BOOL_CONVERSION = YES;
				CLANG_WARN_CONSTANT_CONVERSION = YES;
				CLANG_WARN_DIRECT_OBJC_ISA_USAGE = YES_ERROR;
				CLANG_WARN_DOCUMENTATION_COMMENTS = YES;
				CLANG_WARN_EMPTY_BODY = YES;
				CLANG_WARN_ENUM_CONVERSION = YES;
				CLANG_WARN_INFINITE_RECURSION = YES;
				CLANG_WARN_INT_CONVERSION = YES;
				CLANG_WARN_OBJC_ROOT_CLASS = YES_ERROR;
				CLANG_WARN_SUSPICIOUS_MOVE = YES;
				CLANG_WARN_UNREACHABLE_CODE = YES;
				CLANG_WARN__DUPLICATE_METHOD_MATCH = YES;
				"CODE_SIGN_IDENTITY[sdk=iphoneos*]" = "iPhone Developer";
				COPY_PHASE_STRIP = NO;
				DEBUG_INFORMATION_FORMAT = dwarf;
				ENABLE_STRICT_OBJC_MSGSEND = YES;
				ENABLE_TESTABILITY = YES;
				GCC_C_LANGUAGE_STANDARD = gnu99;
				GCC_DYNAMIC_NO_PIC = NO;
				GCC_NO_COMMON_BLOCKS = YES;
				GCC_OPTIMIZATION_LEVEL = 0;
				GCC_PREPROCESSOR_DEFINITIONS = (
					"DEBUG=1",
					"$(inherited)",
				);
				GCC_WARN_64_TO_32_BIT_CONVERSION = YES;
				GCC_WARN_ABOUT_RETURN_TYPE = YES_ERROR;
				GCC_WARN_UNDECLARED_SELECTOR = YES;
				GCC_WARN_UNINITIALIZED_AUTOS = YES_AGGRESSIVE;
				GCC_WARN_UNUSED_FUNCTION = YES;
				GCC_WARN_UNUSED_VARIABLE = YES;
				IPHONEOS_DEPLOYMENT_TARGET = 10.2;
				MTL_ENABLE_DEBUG_INFO = YES;
				ONLY_ACTIVE_ARCH = YES;
				SDKROOT = iphoneos;
			};
			name = Debug;
		};
		D41131AE1E1CCA7E00F54BCB /* Release */ = {
			isa = XCBuildConfiguration;
			buildSettings = {
				ALWAYS_SEARCH_USER_PATHS = NO;
				CLANG_ANALYZER_NONNULL = YES;
				CLANG_CXX_LANGUAGE_STANDARD = "gnu++0x";
				CLANG_CXX_LIBRARY = "libc++";
				CLANG_ENABLE_MODULES = YES;
				CLANG_ENABLE_OBJC_ARC = YES;
				CLANG_WARN_BOOL_CONVERSION = YES;
				CLANG_WARN_CONSTANT_CONVERSION = YES;
				CLANG_WARN_DIRECT_OBJC_ISA_USAGE = YES_ERROR;
				CLANG_WARN_DOCUMENTATION_COMMENTS = YES;
				CLANG_WARN_EMPTY_BODY = YES;
				CLANG_WARN_ENUM_CONVERSION = YES;
				CLANG_WARN_INFINITE_RECURSION = YES;
				CLANG_WARN_INT_CONVERSION = YES;
				CLANG_WARN_OBJC_ROOT_CLASS = YES_ERROR;
				CLANG_WARN_SUSPICIOUS_MOVE = YES;
				CLANG_WARN_UNREACHABLE_CODE = YES;
				CLANG_WARN__DUPLICATE_METHOD_MATCH = YES;
				"CODE_SIGN_IDENTITY[sdk=iphoneos*]" = "iPhone Developer";
				COPY_PHASE_STRIP = NO;
				DEBUG_INFORMATION_FORMAT = "dwarf-with-dsym";
				ENABLE_NS_ASSERTIONS = NO;
				ENABLE_STRICT_OBJC_MSGSEND = YES;
				GCC_C_LANGUAGE_STANDARD = gnu99;
				GCC_NO_COMMON_BLOCKS = YES;
				GCC_WARN_64_TO_32_BIT_CONVERSION = YES;
				GCC_WARN_ABOUT_RETURN_TYPE = YES_ERROR;
				GCC_WARN_UNDECLARED_SELECTOR = YES;
				GCC_WARN_UNINITIALIZED_AUTOS = YES_AGGRESSIVE;
				GCC_WARN_UNUSED_FUNCTION = YES;
				GCC_WARN_UNUSED_VARIABLE = YES;
				IPHONEOS_DEPLOYMENT_TARGET = 10.2;
				MTL_ENABLE_DEBUG_INFO = NO;
				SDKROOT = iphoneos;
				VALIDATE_PRODUCT = YES;
			};
			name = Release;
		};
		D41131B01E1CCA7E00F54BCB /* Debug */ = {
			isa = XCBuildConfiguration;
			buildSettings = {
				ASSETCATALOG_COMPILER_APPICON_NAME = AppIcon;
				INFOPLIST_FILE = TabView1/Info.plist;
				LD_RUNPATH_SEARCH_PATHS = "$(inherited) @executable_path/Frameworks";
				PRODUCT_BUNDLE_IDENTIFIER = JGDesign.TabView1;
				PRODUCT_NAME = "$(TARGET_NAME)";
			};
			name = Debug;
		};
		D41131B11E1CCA7E00F54BCB /* Release */ = {
			isa = XCBuildConfiguration;
			buildSettings = {
				ASSETCATALOG_COMPILER_APPICON_NAME = AppIcon;
				INFOPLIST_FILE = TabView1/Info.plist;
				LD_RUNPATH_SEARCH_PATHS = "$(inherited) @executable_path/Frameworks";
				PRODUCT_BUNDLE_IDENTIFIER = JGDesign.TabView1;
				PRODUCT_NAME = "$(TARGET_NAME)";
			};
			name = Release;
		};
/* End XCBuildConfiguration section */

/* Begin XCConfigurationList section */
		D41131931E1CCA7E00F54BCB /* Build configuration list for PBXProject "TabView1" */ = {
			isa = XCConfigurationList;
			buildConfigurations = (
				D41131AD1E1CCA7E00F54BCB /* Debug */,
				D41131AE1E1CCA7E00F54BCB /* Release */,
			);
			defaultConfigurationIsVisible = 0;
			defaultConfigurationName = Release;
		};
		D41131AF1E1CCA7E00F54BCB /* Build configuration list for PBXNativeTarget "TabView1" */ = {
			isa = XCConfigurationList;
			buildConfigurations = (
				D41131B01E1CCA7E00F54BCB /* Debug */,
				D41131B11E1CCA7E00F54BCB /* Release */,
			);
			defaultConfigurationIsVisible = 0;
		};
/* End XCConfigurationList section */
	};
	rootObject = D41131901E1CCA7E00F54BCB /* Project object */;
}
