// !$*UTF8*$!
{
	archiveVersion = 1;
	classes = {
	};
	objectVersion = 46;
	objects = {

/* Begin PBXBuildFile section */
		D40634D61E0112430097A91E /* main.m in Sources */ = {isa = PBXBuildFile; fileRef = D40634D51E0112430097A91E /* main.m */; };
		D40634D91E0112430097A91E /* AppDelegate.m in Sources */ = {isa = PBXBuildFile; fileRef = D40634D81E0112430097A91E /* AppDelegate.m */; };
		D40634DF1E0112430097A91E /* Main.storyboard in Resources */ = {isa = PBXBuildFile; fileRef = D40634DD1E0112430097A91E /* Main.storyboard */; };
		D40634E11E0112430097A91E /* Assets.xcassets in Resources */ = {isa = PBXBuildFile; fileRef = D40634E01E0112430097A91E /* Assets.xcassets */; };
		D40634E41E0112430097A91E /* LaunchScreen.storyboard in Resources */ = {isa = PBXBuildFile; fileRef = D40634E21E0112430097A91E /* LaunchScreen.storyboard */; };
		D40634F01E0113010097A91E /* ThirdViewController.m in Sources */ = {isa = PBXBuildFile; fileRef = D40634EF1E0113010097A91E /* ThirdViewController.m */; };
		D40634F31E01151B0097A91E /* RootViewController.m in Sources */ = {isa = PBXBuildFile; fileRef = D40634F21E01151B0097A91E /* RootViewController.m */; };
		D40634F61E024FF60097A91E /* SecondTableViewController.m in Sources */ = {isa = PBXBuildFile; fileRef = D40634F51E024FF60097A91E /* SecondTableViewController.m */; };
		D40BF2441E03E5FF0007B212 /* MedicalList.plist in Resources */ = {isa = PBXBuildFile; fileRef = D40BF2431E03E5FF0007B212 /* MedicalList.plist */; };
		D4E8105D1E0A552A002D648D /* NSArray+log.m in Sources */ = {isa = PBXBuildFile; fileRef = D4E8105C1E0A552A002D648D /* NSArray+log.m */; };
		D4E810601E0A554B002D648D /* NSDictionary+log.m in Sources */ = {isa = PBXBuildFile; fileRef = D4E8105F1E0A554B002D648D /* NSDictionary+log.m */; };
/* End PBXBuildFile section */

/* Begin PBXFileReference section */
		D40634D11E0112430097A91E /* NavigationTest2.app */ = {isa = PBXFileReference; explicitFileType = wrapper.application; includeInIndex = 0; path = NavigationTest2.app; sourceTree = BUILT_PRODUCTS_DIR; };
		D40634D51E0112430097A91E /* main.m */ = {isa = PBXFileReference; lastKnownFileType = sourcecode.c.objc; path = main.m; sourceTree = "<group>"; };
		D40634D71E0112430097A91E /* AppDelegate.h */ = {isa = PBXFileReference; lastKnownFileType = sourcecode.c.h; path = AppDelegate.h; sourceTree = "<group>"; };
		D40634D81E0112430097A91E /* AppDelegate.m */ = {isa = PBXFileReference; lastKnownFileType = sourcecode.c.objc; path = AppDelegate.m; sourceTree = "<group>"; };
		D40634DE1E0112430097A91E /* Base */ = {isa = PBXFileReference; lastKnownFileType = file.storyboard; name = Base; path = Base.lproj/Main.storyboard; sourceTree = "<group>"; };
		D40634E01E0112430097A91E /* Assets.xcassets */ = {isa = PBXFileReference; lastKnownFileType = folder.assetcatalog; path = Assets.xcassets; sourceTree = "<group>"; };
		D40634E31E0112430097A91E /* Base */ = {isa = PBXFileReference; lastKnownFileType = file.storyboard; name = Base; path = Base.lproj/LaunchScreen.storyboard; sourceTree = "<group>"; };
		D40634E51E0112430097A91E /* Info.plist */ = {isa = PBXFileReference; lastKnownFileType = text.plist.xml; path = Info.plist; sourceTree = "<group>"; };
		D40634EE1E0113010097A91E /* ThirdViewController.h */ = {isa = PBXFileReference; fileEncoding = 4; lastKnownFileType = sourcecode.c.h; path = ThirdViewController.h; sourceTree = "<group>"; };
		D40634EF1E0113010097A91E /* ThirdViewController.m */ = {isa = PBXFileReference; fileEncoding = 4; lastKnownFileType = sourcecode.c.objc; path = ThirdViewController.m; sourceTree = "<group>"; };
		D40634F11E01151B0097A91E /* RootViewController.h */ = {isa = PBXFileReference; fileEncoding = 4; lastKnownFileType = sourcecode.c.h; path = RootViewController.h; sourceTree = "<group>"; };
		D40634F21E01151B0097A91E /* RootViewController.m */ = {isa = PBXFileReference; fileEncoding = 4; lastKnownFileType = sourcecode.c.objc; path = RootViewController.m; sourceTree = "<group>"; };
		D40634F41E024FF60097A91E /* SecondTableViewController.h */ = {isa = PBXFileReference; fileEncoding = 4; lastKnownFileType = sourcecode.c.h; path = SecondTableViewController.h; sourceTree = "<group>"; };
		D40634F51E024FF60097A91E /* SecondTableViewController.m */ = {isa = PBXFileReference; fileEncoding = 4; lastKnownFileType = sourcecode.c.objc; path = SecondTableViewController.m; sourceTree = "<group>"; };
		D40BF2431E03E5FF0007B212 /* MedicalList.plist */ = {isa = PBXFileReference; fileEncoding = 4; lastKnownFileType = text.plist.xml; path = MedicalList.plist; sourceTree = "<group>"; };
		D4E8105B1E0A552A002D648D /* NSArray+log.h */ = {isa = PBXFileReference; fileEncoding = 4; lastKnownFileType = sourcecode.c.h; path = "NSArray+log.h"; sourceTree = "<group>"; };
		D4E8105C1E0A552A002D648D /* NSArray+log.m */ = {isa = PBXFileReference; fileEncoding = 4; lastKnownFileType = sourcecode.c.objc; path = "NSArray+log.m"; sourceTree = "<group>"; };
		D4E8105E1E0A554B002D648D /* NSDictionary+log.h */ = {isa = PBXFileReference; fileEncoding = 4; lastKnownFileType = sourcecode.c.h; name = "NSDictionary+log.h"; path = "../NSDictionary+log.h"; sourceTree = "<group>"; };
		D4E8105F1E0A554B002D648D /* NSDictionary+log.m */ = {isa = PBXFileReference; fileEncoding = 4; lastKnownFileType = sourcecode.c.objc; name = "NSDictionary+log.m"; path = "../NSDictionary+log.m"; sourceTree = "<group>"; };
/* End PBXFileReference section */

/* Begin PBXFrameworksBuildPhase section */
		D40634CE1E0112430097A91E /* Frameworks */ = {
			isa = PBXFrameworksBuildPhase;
			buildActionMask = 2147483647;
			files = (
			);
			runOnlyForDeploymentPostprocessing = 0;
		};
/* End PBXFrameworksBuildPhase section */

/* Begin PBXGroup section */
		D40634C81E0112430097A91E = {
			isa = PBXGroup;
			children = (
				D40634D31E0112430097A91E /* NavigationTest2 */,
				D40634D21E0112430097A91E /* Products */,
			);
			sourceTree = "<group>";
		};
		D40634D21E0112430097A91E /* Products */ = {
			isa = PBXGroup;
			children = (
				D40634D11E0112430097A91E /* NavigationTest2.app */,
			);
			name = Products;
			sourceTree = "<group>";
		};
		D40634D31E0112430097A91E /* NavigationTest2 */ = {
			isa = PBXGroup;
			children = (
				D40634D71E0112430097A91E /* AppDelegate.h */,
				D40634D81E0112430097A91E /* AppDelegate.m */,
				D40634F11E01151B0097A91E /* RootViewController.h */,
				D40634F21E01151B0097A91E /* RootViewController.m */,
				D40634DD1E0112430097A91E /* Main.storyboard */,
				D40634F41E024FF60097A91E /* SecondTableViewController.h */,
				D40634F51E024FF60097A91E /* SecondTableViewController.m */,
				D40BF2431E03E5FF0007B212 /* MedicalList.plist */,
				D4E8105E1E0A554B002D648D /* NSDictionary+log.h */,
				D4E8105F1E0A554B002D648D /* NSDictionary+log.m */,
				D4E8105B1E0A552A002D648D /* NSArray+log.h */,
				D4E8105C1E0A552A002D648D /* NSArray+log.m */,
				D40634EE1E0113010097A91E /* ThirdViewController.h */,
				D40634EF1E0113010097A91E /* ThirdViewController.m */,
				D40634E01E0112430097A91E /* Assets.xcassets */,
				D40634E21E0112430097A91E /* LaunchScreen.storyboard */,
				D40634E51E0112430097A91E /* Info.plist */,
				D40634D41E0112430097A91E /* Supporting Files */,
			);
			path = NavigationTest2;
			sourceTree = "<group>";
		};
		D40634D41E0112430097A91E /* Supporting Files */ = {
			isa = PBXGroup;
			children = (
				D40634D51E0112430097A91E /* main.m */,
			);
			name = "Supporting Files";
			sourceTree = "<group>";
		};
/* End PBXGroup section */

/* Begin PBXNativeTarget section */
		D40634D01E0112430097A91E /* NavigationTest2 */ = {
			isa = PBXNativeTarget;
			buildConfigurationList = D40634E81E0112430097A91E /* Build configuration list for PBXNativeTarget "NavigationTest2" */;
			buildPhases = (
				D40634CD1E0112430097A91E /* Sources */,
				D40634CE1E0112430097A91E /* Frameworks */,
				D40634CF1E0112430097A91E /* Resources */,
			);
			buildRules = (
			);
			dependencies = (
			);
			name = NavigationTest2;
			productName = NavigationTest2;
			productReference = D40634D11E0112430097A91E /* NavigationTest2.app */;
			productType = "com.apple.product-type.application";
		};
/* End PBXNativeTarget section */

/* Begin PBXProject section */
		D40634C91E0112430097A91E /* Project object */ = {
			isa = PBXProject;
			attributes = {
				LastUpgradeCheck = 0820;
				ORGANIZATIONNAME = Jonnyqian;
				TargetAttributes = {
					D40634D01E0112430097A91E = {
						CreatedOnToolsVersion = 8.2;
						ProvisioningStyle = Automatic;
					};
				};
			};
			buildConfigurationList = D40634CC1E0112430097A91E /* Build configuration list for PBXProject "NavigationTest2" */;
			compatibilityVersion = "Xcode 3.2";
			developmentRegion = English;
			hasScannedForEncodings = 0;
			knownRegions = (
				en,
				Base,
			);
			mainGroup = D40634C81E0112430097A91E;
			productRefGroup = D40634D21E0112430097A91E /* Products */;
			projectDirPath = "";
			projectRoot = "";
			targets = (
				D40634D01E0112430097A91E /* NavigationTest2 */,
			);
		};
/* End PBXProject section */

/* Begin PBXResourcesBuildPhase section */
		D40634CF1E0112430097A91E /* Resources */ = {
			isa = PBXResourcesBuildPhase;
			buildActionMask = 2147483647;
			files = (
				D40634E41E0112430097A91E /* LaunchScreen.storyboard in Resources */,
				D40634E11E0112430097A91E /* Assets.xcassets in Resources */,
				D40BF2441E03E5FF0007B212 /* MedicalList.plist in Resources */,
				D40634DF1E0112430097A91E /* Main.storyboard in Resources */,
			);
			runOnlyForDeploymentPostprocessing = 0;
		};
/* End PBXResourcesBuildPhase section */

/* Begin PBXSourcesBuildPhase section */
		D40634CD1E0112430097A91E /* Sources */ = {
			isa = PBXSourcesBuildPhase;
			buildActionMask = 2147483647;
			files = (
				D40634F01E0113010097A91E /* ThirdViewController.m in Sources */,
				D40634F31E01151B0097A91E /* RootViewController.m in Sources */,
				D40634D91E0112430097A91E /* AppDelegate.m in Sources */,
				D4E8105D1E0A552A002D648D /* NSArray+log.m in Sources */,
				D40634D61E0112430097A91E /* main.m in Sources */,
				D4E810601E0A554B002D648D /* NSDictionary+log.m in Sources */,
				D40634F61E024FF60097A91E /* SecondTableViewController.m in Sources */,
			);
			runOnlyForDeploymentPostprocessing = 0;
		};
/* End PBXSourcesBuildPhase section */

/* Begin PBXVariantGroup section */
		D40634DD1E0112430097A91E /* Main.storyboard */ = {
			isa = PBXVariantGroup;
			children = (
				D40634DE1E0112430097A91E /* Base */,
			);
			name = Main.storyboard;
			sourceTree = "<group>";
		};
		D40634E21E0112430097A91E /* LaunchScreen.storyboard */ = {
			isa = PBXVariantGroup;
			children = (
				D40634E31E0112430097A91E /* Base */,
			);
			name = LaunchScreen.storyboard;
			sourceTree = "<group>";
		};
/* End PBXVariantGroup section */

/* Begin XCBuildConfiguration section */
		D40634E61E0112430097A91E /* Debug */ = {
			isa = XCBuildConfiguration;
			buildSettings = {
				ALWAYS_SEARCH_USER_PATHS = NO;
				CLANG_ANALYZER_NONNULL = YES;
				CLANG_CXX_LANGUAGE_STANDARD = "gnu++0x";
				CLANG_CXX_LIBRARY = "libc++";
				CLANG_ENABLE_MODULES = YES;
				CLANG_ENABLE_OBJC_ARC = YES;
				CLANG_WARN_BOOL_CONVERSION = YES;
				CLANG_WARN_CONSTANT_CONVERSION = YES;
				CLANG_WARN_DIRECT_OBJC_ISA_USAGE = YES_ERROR;
				CLANG_WARN_DOCUMENTATION_COMMENTS = YES;
				CLANG_WARN_EMPTY_BODY = YES;
				CLANG_WARN_ENUM_CONVERSION = YES;
				CLANG_WARN_INFINITE_RECURSION = YES;
				CLANG_WARN_INT_CONVERSION = YES;
				CLANG_WARN_OBJC_ROOT_CLASS = YES_ERROR;
				CLANG_WARN_SUSPICIOUS_MOVE = YES;
				CLANG_WARN_UNREACHABLE_CODE = YES;
				CLANG_WARN__DUPLICATE_METHOD_MATCH = YES;
				"CODE_SIGN_IDENTITY[sdk=iphoneos*]" = "iPhone Developer";
				COPY_PHASE_STRIP = NO;
				DEBUG_INFORMATION_FORMAT = dwarf;
				ENABLE_STRICT_OBJC_MSGSEND = YES;
				ENABLE_TESTABILITY = YES;
				GCC_C_LANGUAGE_STANDARD = gnu99;
				GCC_DYNAMIC_NO_PIC = NO;
				GCC_NO_COMMON_BLOCKS = YES;
				GCC_OPTIMIZATION_LEVEL = 0;
				GCC_PREPROCESSOR_DEFINITIONS = (
					"DEBUG=1",
					"$(inherited)",
				);
				GCC_WARN_64_TO_32_BIT_CONVERSION = YES;
				GCC_WARN_ABOUT_RETURN_TYPE = YES_ERROR;
				GCC_WARN_UNDECLARED_SELECTOR = YES;
				GCC_WARN_UNINITIALIZED_AUTOS = YES_AGGRESSIVE;
				GCC_WARN_UNUSED_FUNCTION = YES;
				GCC_WARN_UNUSED_VARIABLE = YES;
				IPHONEOS_DEPLOYMENT_TARGET = 10.2;
				MTL_ENABLE_DEBUG_INFO = YES;
				ONLY_ACTIVE_ARCH = YES;
				SDKROOT = iphoneos;
			};
			name = Debug;
		};
		D40634E71E0112430097A91E /* Release */ = {
			isa = XCBuildConfiguration;
			buildSettings = {
				ALWAYS_SEARCH_USER_PATHS = NO;
				CLANG_ANALYZER_NONNULL = YES;
				CLANG_CXX_LANGUAGE_STANDARD = "gnu++0x";
				CLANG_CXX_LIBRARY = "libc++";
				CLANG_ENABLE_MODULES = YES;
				CLANG_ENABLE_OBJC_ARC = YES;
				CLANG_WARN_BOOL_CONVERSION = YES;
				CLANG_WARN_CONSTANT_CONVERSION = YES;
				CLANG_WARN_DIRECT_OBJC_ISA_USAGE = YES_ERROR;
				CLANG_WARN_DOCUMENTATION_COMMENTS = YES;
				CLANG_WARN_EMPTY_BODY = YES;
				CLANG_WARN_ENUM_CONVERSION = YES;
				CLANG_WARN_INFINITE_RECURSION = YES;
				CLANG_WARN_INT_CONVERSION = YES;
				CLANG_WARN_OBJC_ROOT_CLASS = YES_ERROR;
				CLANG_WARN_SUSPICIOUS_MOVE = YES;
				CLANG_WARN_UNREACHABLE_CODE = YES;
				CLANG_WARN__DUPLICATE_METHOD_MATCH = YES;
				"CODE_SIGN_IDENTITY[sdk=iphoneos*]" = "iPhone Developer";
				COPY_PHASE_STRIP = NO;
				DEBUG_INFORMATION_FORMAT = "dwarf-with-dsym";
				ENABLE_NS_ASSERTIONS = NO;
				ENABLE_STRICT_OBJC_MSGSEND = YES;
				GCC_C_LANGUAGE_STANDARD = gnu99;
				GCC_NO_COMMON_BLOCKS = YES;
				GCC_WARN_64_TO_32_BIT_CONVERSION = YES;
				GCC_WARN_ABOUT_RETURN_TYPE = YES_ERROR;
				GCC_WARN_UNDECLARED_SELECTOR = YES;
				GCC_WARN_UNINITIALIZED_AUTOS = YES_AGGRESSIVE;
				GCC_WARN_UNUSED_FUNCTION = YES;
				GCC_WARN_UNUSED_VARIABLE = YES;
				IPHONEOS_DEPLOYMENT_TARGET = 10.2;
				MTL_ENABLE_DEBUG_INFO = NO;
				SDKROOT = iphoneos;
				VALIDATE_PRODUCT = YES;
			};
			name = Release;
		};
		D40634E91E0112430097A91E /* Debug */ = {
			isa = XCBuildConfiguration;
			buildSettings = {
				ASSETCATALOG_COMPILER_APPICON_NAME = AppIcon;
				INFOPLIST_FILE = NavigationTest2/Info.plist;
				LD_RUNPATH_SEARCH_PATHS = "$(inherited) @executable_path/Frameworks";
				PRODUCT_BUNDLE_IDENTIFIER = JGDesign.NavigationTest2;
				PRODUCT_NAME = "$(TARGET_NAME)";
			};
			name = Debug;
		};
		D40634EA1E0112430097A91E /* Release */ = {
			isa = XCBuildConfiguration;
			buildSettings = {
				ASSETCATALOG_COMPILER_APPICON_NAME = AppIcon;
				INFOPLIST_FILE = NavigationTest2/Info.plist;
				LD_RUNPATH_SEARCH_PATHS = "$(inherited) @executable_path/Frameworks";
				PRODUCT_BUNDLE_IDENTIFIER = JGDesign.NavigationTest2;
				PRODUCT_NAME = "$(TARGET_NAME)";
			};
			name = Release;
		};
/* End XCBuildConfiguration section */

/* Begin XCConfigurationList section */
		D40634CC1E0112430097A91E /* Build configuration list for PBXProject "NavigationTest2" */ = {
			isa = XCConfigurationList;
			buildConfigurations = (
				D40634E61E0112430097A91E /* Debug */,
				D40634E71E0112430097A91E /* Release */,
			);
			defaultConfigurationIsVisible = 0;
			defaultConfigurationName = Release;
		};
		D40634E81E0112430097A91E /* Build configuration list for PBXNativeTarget "NavigationTest2" */ = {
			isa = XCConfigurationList;
			buildConfigurations = (
				D40634E91E0112430097A91E /* Debug */,
				D40634EA1E0112430097A91E /* Release */,
			);
			defaultConfigurationIsVisible = 0;
			defaultConfigurationName = Release;
		};
/* End XCConfigurationList section */
	};
	rootObject = D40634C91E0112430097A91E /* Project object */;
}
