// !$*UTF8*$!
{
	archiveVersion = 1;
	classes = {
	};
	objectVersion = 46;
	objects = {

/* Begin PBXBuildFile section */
		D41131771E1CCA5300F54BCB /* main.m in Sources */ = {isa = PBXBuildFile; fileRef = D41131761E1CCA5300F54BCB /* main.m */; };
		D411317A1E1CCA5300F54BCB /* AppDelegate.m in Sources */ = {isa = PBXBuildFile; fileRef = D41131791E1CCA5300F54BCB /* AppDelegate.m */; };
		D411317D1E1CCA5300F54BCB /* FirstViewController.m in Sources */ = {isa = PBXBuildFile; fileRef = D411317C1E1CCA5300F54BCB /* FirstViewController.m */; };
		D41131801E1CCA5300F54BCB /* SecondViewController.m in Sources */ = {isa = PBXBuildFile; fileRef = D411317F1E1CCA5300F54BCB /* SecondViewController.m */; };
		D41131831E1CCA5300F54BCB /* Main.storyboard in Resources */ = {isa = PBXBuildFile; fileRef = D41131811E1CCA5300F54BCB /* Main.storyboard */; };
		D41131851E1CCA5300F54BCB /* Assets.xcassets in Resources */ = {isa = PBXBuildFile; fileRef = D41131841E1CCA5300F54BCB /* Assets.xcassets */; };
		D41131881E1CCA5300F54BCB /* LaunchScreen.storyboard in Resources */ = {isa = PBXBuildFile; fileRef = D41131861E1CCA5300F54BCB /* LaunchScreen.storyboard */; };
/* End PBXBuildFile section */

/* Begin PBXFileReference section */
		D41131721E1CCA5300F54BCB /* TabviewTest.app */ = {isa = PBXFileReference; explicitFileType = wrapper.application; includeInIndex = 0; path = TabviewTest.app; sourceTree = BUILT_PRODUCTS_DIR; };
		D41131761E1CCA5300F54BCB /* main.m */ = {isa = PBXFileReference; lastKnownFileType = sourcecode.c.objc; path = main.m; sourceTree = "<group>"; };
		D41131781E1CCA5300F54BCB /* AppDelegate.h */ = {isa = PBXFileReference; lastKnownFileType = sourcecode.c.h; path = AppDelegate.h; sourceTree = "<group>"; };
		D41131791E1CCA5300F54BCB /* AppDelegate.m */ = {isa = PBXFileReference; lastKnownFileType = sourcecode.c.objc; path = AppDelegate.m; sourceTree = "<group>"; };
		D411317B1E1CCA5300F54BCB /* FirstViewController.h */ = {isa = PBXFileReference; lastKnownFileType = sourcecode.c.h; path = FirstViewController.h; sourceTree = "<group>"; };
		D411317C1E1CCA5300F54BCB /* FirstViewController.m */ = {isa = PBXFileReference; lastKnownFileType = sourcecode.c.objc; path = FirstViewController.m; sourceTree = "<group>"; };
		D411317E1E1CCA5300F54BCB /* SecondViewController.h */ = {isa = PBXFileReference; lastKnownFileType = sourcecode.c.h; path = SecondViewController.h; sourceTree = "<group>"; };
		D411317F1E1CCA5300F54BCB /* SecondViewController.m */ = {isa = PBXFileReference; lastKnownFileType = sourcecode.c.objc; path = SecondViewController.m; sourceTree = "<group>"; };
		D41131821E1CCA5300F54BCB /* Base */ = {isa = PBXFileReference; lastKnownFileType = file.storyboard; name = Base; path = Base.lproj/Main.storyboard; sourceTree = "<group>"; };
		D41131841E1CCA5300F54BCB /* Assets.xcassets */ = {isa = PBXFileReference; lastKnownFileType = folder.assetcatalog; path = Assets.xcassets; sourceTree = "<group>"; };
		D41131871E1CCA5300F54BCB /* Base */ = {isa = PBXFileReference; lastKnownFileType = file.storyboard; name = Base; path = Base.lproj/LaunchScreen.storyboard; sourceTree = "<group>"; };
		D41131891E1CCA5300F54BCB /* Info.plist */ = {isa = PBXFileReference; lastKnownFileType = text.plist.xml; path = Info.plist; sourceTree = "<group>"; };
/* End PBXFileReference section */

/* Begin PBXFrameworksBuildPhase section */
		D411316F1E1CCA5300F54BCB /* Frameworks */ = {
			isa = PBXFrameworksBuildPhase;
			buildActionMask = 2147483647;
			files = (
			);
			runOnlyForDeploymentPostprocessing = 0;
		};
/* End PBXFrameworksBuildPhase section */

/* Begin PBXGroup section */
		D41131691E1CCA5300F54BCB = {
			isa = PBXGroup;
			children = (
				D41131741E1CCA5300F54BCB /* TabviewTest */,
				D41131731E1CCA5300F54BCB /* Products */,
			);
			sourceTree = "<group>";
		};
		D41131731E1CCA5300F54BCB /* Products */ = {
			isa = PBXGroup;
			children = (
				D41131721E1CCA5300F54BCB /* TabviewTest.app */,
			);
			name = Products;
			sourceTree = "<group>";
		};
		D41131741E1CCA5300F54BCB /* TabviewTest */ = {
			isa = PBXGroup;
			children = (
				D41131781E1CCA5300F54BCB /* AppDelegate.h */,
				D41131791E1CCA5300F54BCB /* AppDelegate.m */,
				D411317B1E1CCA5300F54BCB /* FirstViewController.h */,
				D411317C1E1CCA5300F54BCB /* FirstViewController.m */,
				D411317E1E1CCA5300F54BCB /* SecondViewController.h */,
				D411317F1E1CCA5300F54BCB /* SecondViewController.m */,
				D41131811E1CCA5300F54BCB /* Main.storyboard */,
				D41131841E1CCA5300F54BCB /* Assets.xcassets */,
				D41131861E1CCA5300F54BCB /* LaunchScreen.storyboard */,
				D41131891E1CCA5300F54BCB /* Info.plist */,
				D41131751E1CCA5300F54BCB /* Supporting Files */,
			);
			path = TabviewTest;
			sourceTree = "<group>";
		};
		D41131751E1CCA5300F54BCB /* Supporting Files */ = {
			isa = PBXGroup;
			children = (
				D41131761E1CCA5300F54BCB /* main.m */,
			);
			name = "Supporting Files";
			sourceTree = "<group>";
		};
/* End PBXGroup section */

/* Begin PBXNativeTarget section */
		D41131711E1CCA5300F54BCB /* TabviewTest */ = {
			isa = PBXNativeTarget;
			buildConfigurationList = D411318C1E1CCA5300F54BCB /* Build configuration list for PBXNativeTarget "TabviewTest" */;
			buildPhases = (
				D411316E1E1CCA5300F54BCB /* Sources */,
				D411316F1E1CCA5300F54BCB /* Frameworks */,
				D41131701E1CCA5300F54BCB /* Resources */,
			);
			buildRules = (
			);
			dependencies = (
			);
			name = TabviewTest;
			productName = TabviewTest;
			productReference = D41131721E1CCA5300F54BCB /* TabviewTest.app */;
			productType = "com.apple.product-type.application";
		};
/* End PBXNativeTarget section */

/* Begin PBXProject section */
		D411316A1E1CCA5300F54BCB /* Project object */ = {
			isa = PBXProject;
			attributes = {
				LastUpgradeCheck = 0820;
				ORGANIZATIONNAME = Jonnyqian;
				TargetAttributes = {
					D41131711E1CCA5300F54BCB = {
						CreatedOnToolsVersion = 8.2;
						ProvisioningStyle = Automatic;
					};
				};
			};
			buildConfigurationList = D411316D1E1CCA5300F54BCB /* Build configuration list for PBXProject "TabviewTest" */;
			compatibilityVersion = "Xcode 3.2";
			developmentRegion = English;
			hasScannedForEncodings = 0;
			knownRegions = (
				en,
				Base,
			);
			mainGroup = D41131691E1CCA5300F54BCB;
			productRefGroup = D41131731E1CCA5300F54BCB /* Products */;
			projectDirPath = "";
			projectRoot = "";
			targets = (
				D41131711E1CCA5300F54BCB /* TabviewTest */,
			);
		};
/* End PBXProject section */

/* Begin PBXResourcesBuildPhase section */
		D41131701E1CCA5300F54BCB /* Resources */ = {
			isa = PBXResourcesBuildPhase;
			buildActionMask = 2147483647;
			files = (
				D41131881E1CCA5300F54BCB /* LaunchScreen.storyboard in Resources */,
				D41131851E1CCA5300F54BCB /* Assets.xcassets in Resources */,
				D41131831E1CCA5300F54BCB /* Main.storyboard in Resources */,
			);
			runOnlyForDeploymentPostprocessing = 0;
		};
/* End PBXResourcesBuildPhase section */

/* Begin PBXSourcesBuildPhase section */
		D411316E1E1CCA5300F54BCB /* Sources */ = {
			isa = PBXSourcesBuildPhase;
			buildActionMask = 2147483647;
			files = (
				D41131801E1CCA5300F54BCB /* SecondViewController.m in Sources */,
				D411317A1E1CCA5300F54BCB /* AppDelegate.m in Sources */,
				D411317D1E1CCA5300F54BCB /* FirstViewController.m in Sources */,
				D41131771E1CCA5300F54BCB /* main.m in Sources */,
			);
			runOnlyForDeploymentPostprocessing = 0;
		};
/* End PBXSourcesBuildPhase section */

/* Begin PBXVariantGroup section */
		D41131811E1CCA5300F54BCB /* Main.storyboard */ = {
			isa = PBXVariantGroup;
			children = (
				D41131821E1CCA5300F54BCB /* Base */,
			);
			name = Main.storyboard;
			sourceTree = "<group>";
		};
		D41131861E1CCA5300F54BCB /* LaunchScreen.storyboard */ = {
			isa = PBXVariantGroup;
			children = (
				D41131871E1CCA5300F54BCB /* Base */,
			);
			name = LaunchScreen.storyboard;
			sourceTree = "<group>";
		};
/* End PBXVariantGroup section */

/* Begin XCBuildConfiguration section */
		D411318A1E1CCA5300F54BCB /* Debug */ = {
			isa = XCBuildConfiguration;
			buildSettings = {
				ALWAYS_SEARCH_USER_PATHS = NO;
				CLANG_ANALYZER_NONNULL = YES;
				CLANG_CXX_LANGUAGE_STANDARD = "gnu++0x";
				CLANG_CXX_LIBRARY = "libc++";
				CLANG_ENABLE_MODULES = YES;
				CLANG_ENABLE_OBJC_ARC = YES;
				CLANG_WARN_BOOL_CONVERSION = YES;
				CLANG_WARN_CONSTANT_CONVERSION = YES;
				CLANG_WARN_DIRECT_OBJC_ISA_USAGE = YES_ERROR;
				CLANG_WARN_DOCUMENTATION_COMMENTS = YES;
				CLANG_WARN_EMPTY_BODY = YES;
				CLANG_WARN_ENUM_CONVERSION = YES;
				CLANG_WARN_INFINITE_RECURSION = YES;
				CLANG_WARN_INT_CONVERSION = YES;
				CLANG_WARN_OBJC_ROOT_CLASS = YES_ERROR;
				CLANG_WARN_SUSPICIOUS_MOVE = YES;
				CLANG_WARN_UNREACHABLE_CODE = YES;
				CLANG_WARN__DUPLICATE_METHOD_MATCH = YES;
				"CODE_SIGN_IDENTITY[sdk=iphoneos*]" = "iPhone Developer";
				COPY_PHASE_STRIP = NO;
				DEBUG_INFORMATION_FORMAT = dwarf;
				ENABLE_STRICT_OBJC_MSGSEND = YES;
				ENABLE_TESTABILITY = YES;
				GCC_C_LANGUAGE_STANDARD = gnu99;
				GCC_DYNAMIC_NO_PIC = NO;
				GCC_NO_COMMON_BLOCKS = YES;
				GCC_OPTIMIZATION_LEVEL = 0;
				GCC_PREPROCESSOR_DEFINITIONS = (
					"DEBUG=1",
					"$(inherited)",
				);
				GCC_WARN_64_TO_32_BIT_CONVERSION = YES;
				GCC_WARN_ABOUT_RETURN_TYPE = YES_ERROR;
				GCC_WARN_UNDECLARED_SELECTOR = YES;
				GCC_WARN_UNINITIALIZED_AUTOS = YES_AGGRESSIVE;
				GCC_WARN_UNUSED_FUNCTION = YES;
				GCC_WARN_UNUSED_VARIABLE = YES;
				IPHONEOS_DEPLOYMENT_TARGET = 10.2;
				MTL_ENABLE_DEBUG_INFO = YES;
				ONLY_ACTIVE_ARCH = YES;
				SDKROOT = iphoneos;
			};
			name = Debug;
		};
		D411318B1E1CCA5300F54BCB /* Release */ = {
			isa = XCBuildConfiguration;
			buildSettings = {
				ALWAYS_SEARCH_USER_PATHS = NO;
				CLANG_ANALYZER_NONNULL = YES;
				CLANG_CXX_LANGUAGE_STANDARD = "gnu++0x";
				CLANG_CXX_LIBRARY = "libc++";
				CLANG_ENABLE_MODULES = YES;
				CLANG_ENABLE_OBJC_ARC = YES;
				CLANG_WARN_BOOL_CONVERSION = YES;
				CLANG_WARN_CONSTANT_CONVERSION = YES;
				CLANG_WARN_DIRECT_OBJC_ISA_USAGE = YES_ERROR;
				CLANG_WARN_DOCUMENTATION_COMMENTS = YES;
				CLANG_WARN_EMPTY_BODY = YES;
				CLANG_WARN_ENUM_CONVERSION = YES;
				CLANG_WARN_INFINITE_RECURSION = YES;
				CLANG_WARN_INT_CONVERSION = YES;
				CLANG_WARN_OBJC_ROOT_CLASS = YES_ERROR;
				CLANG_WARN_SUSPICIOUS_MOVE = YES;
				CLANG_WARN_UNREACHABLE_CODE = YES;
				CLANG_WARN__DUPLICATE_METHOD_MATCH = YES;
				"CODE_SIGN_IDENTITY[sdk=iphoneos*]" = "iPhone Developer";
				COPY_PHASE_STRIP = NO;
				DEBUG_INFORMATION_FORMAT = "dwarf-with-dsym";
				ENABLE_NS_ASSERTIONS = NO;
				ENABLE_STRICT_OBJC_MSGSEND = YES;
				GCC_C_LANGUAGE_STANDARD = gnu99;
				GCC_NO_COMMON_BLOCKS = YES;
				GCC_WARN_64_TO_32_BIT_CONVERSION = YES;
				GCC_WARN_ABOUT_RETURN_TYPE = YES_ERROR;
				GCC_WARN_UNDECLARED_SELECTOR = YES;
				GCC_WARN_UNINITIALIZED_AUTOS = YES_AGGRESSIVE;
				GCC_WARN_UNUSED_FUNCTION = YES;
				GCC_WARN_UNUSED_VARIABLE = YES;
				IPHONEOS_DEPLOYMENT_TARGET = 10.2;
				MTL_ENABLE_DEBUG_INFO = NO;
				SDKROOT = iphoneos;
				VALIDATE_PRODUCT = YES;
			};
			name = Release;
		};
		D411318D1E1CCA5300F54BCB /* Debug */ = {
			isa = XCBuildConfiguration;
			buildSettings = {
				ASSETCATALOG_COMPILER_APPICON_NAME = AppIcon;
				INFOPLIST_FILE = TabviewTest/Info.plist;
				LD_RUNPATH_SEARCH_PATHS = "$(inherited) @executable_path/Frameworks";
				PRODUCT_BUNDLE_IDENTIFIER = JGDesign.TabviewTest;
				PRODUCT_NAME = "$(TARGET_NAME)";
			};
			name = Debug;
		};
		D411318E1E1CCA5300F54BCB /* Release */ = {
			isa = XCBuildConfiguration;
			buildSettings = {
				ASSETCATALOG_COMPILER_APPICON_NAME = AppIcon;
				INFOPLIST_FILE = TabviewTest/Info.plist;
				LD_RUNPATH_SEARCH_PATHS = "$(inherited) @executable_path/Frameworks";
				PRODUCT_BUNDLE_IDENTIFIER = JGDesign.TabviewTest;
				PRODUCT_NAME = "$(TARGET_NAME)";
			};
			name = Release;
		};
/* End XCBuildConfiguration section */

/* Begin XCConfigurationList section */
		D411316D1E1CCA5300F54BCB /* Build configuration list for PBXProject "TabviewTest" */ = {
			isa = XCConfigurationList;
			buildConfigurations = (
				D411318A1E1CCA5300F54BCB /* Debug */,
				D411318B1E1CCA5300F54BCB /* Release */,
			);
			defaultConfigurationIsVisible = 0;
			defaultConfigurationName = Release;
		};
		D411318C1E1CCA5300F54BCB /* Build configuration list for PBXNativeTarget "TabviewTest" */ = {
			isa = XCConfigurationList;
			buildConfigurations = (
				D411318D1E1CCA5300F54BCB /* Debug */,
				D411318E1E1CCA5300F54BCB /* Release */,
			);
			defaultConfigurationIsVisible = 0;
		};
/* End XCConfigurationList section */
	};
	rootObject = D411316A1E1CCA5300F54BCB /* Project object */;
}
